
Microsoft Visual Studio Solution File, Format Version 12.00
# Visual Studio Version 16
VisualStudioVersion = 16.0.28803.352
MinimumVisualStudioVersion = 10.0.40219.1
Project("{FAE04EC0-301F-11D3-BF4B-00C04F79EFBC}") = "CZGL.DocfxBuild.Yml", "CZGL.DocfxBuild.Yml\CZGL.DocfxBuild.Yml.csproj", "{628E727D-EF22-4218-BA0A-D8A1591203B7}"
EndProject
Global
	GlobalSection(SolutionConfigurationPlatforms) = preSolution
		Debug|Any CPU = Debug|Any CPU
		Release|Any CPU = Release|Any CPU
	EndGlobalSection
	GlobalSection(ProjectConfigurationPlatforms) = postSolution
		{628E727D-EF22-4218-BA0A-D8A1591203B7}.Debug|Any CPU.ActiveCfg = Debug|Any CPU
		{628E727D-EF22-4218-BA0A-D8A1591203B7}.Debug|Any CPU.Build.0 = Debug|Any CPU
		{628E727D-EF22-4218-BA0A-D8A1591203B7}.Release|Any CPU.ActiveCfg = Release|Any CPU
		{628E727D-EF22-4218-BA0A-D8A1591203B7}.Release|Any CPU.Build.0 = Release|Any CPU
	EndGlobalSection
	GlobalSection(SolutionProperties) = preSolution
		HideSolutionNode = FALSE
	EndGlobalSection
	GlobalSection(ExtensibilityGlobals) = postSolution
		SolutionGuid = {32A9ADCF-97CD-4250-90AD-A5708E03F276}
	EndGlobalSection
EndGlobal
